
Microsoft Visual Studio Solution File, Format Version 12.00
# Visual Studio Version 17
VisualStudioVersion = 17.3.32929.385
MinimumVisualStudioVersion = 10.0.40219.1
Project("{FAE04EC0-301F-11D3-BF4B-00C04F79EFBC}") = "AsosSeleniumTests", "AsosSeleniumTests\AsosSeleniumTests.csproj", "{C73CDBFF-F409-4A88-B1E0-54506A46B1F4}"
EndProject
Global
	GlobalSection(SolutionConfigurationPlatforms) = preSolution
		Debug|Any CPU = Debug|Any CPU
		Release|Any CPU = Release|Any CPU
	EndGlobalSection
	GlobalSection(ProjectConfigurationPlatforms) = postSolution
		{C73CDBFF-F409-4A88-B1E0-54506A46B1F4}.Debug|Any CPU.ActiveCfg = Debug|Any CPU
		{C73CDBFF-F409-4A88-B1E0-54506A46B1F4}.Debug|Any CPU.Build.0 = Debug|Any CPU
		{C73CDBFF-F409-4A88-B1E0-54506A46B1F4}.Release|Any CPU.ActiveCfg = Release|Any CPU
		{C73CDBFF-F409-4A88-B1E0-54506A46B1F4}.Release|Any CPU.Build.0 = Release|Any CPU
	EndGlobalSection
	GlobalSection(SolutionProperties) = preSolution
		HideSolutionNode = FALSE
	EndGlobalSection
	GlobalSection(ExtensibilityGlobals) = postSolution
		SolutionGuid = {36576DC8-AB3C-406E-9DA4-75071521017E}
	EndGlobalSection
EndGlobal
